{
  "name": "furigana-benchmark-sudachi",
  "lockfileVersion": 3,
  "requires": true,
  "packages": {
    "": {
      "name": "furigana-benchmark-sudachi",
      "dependencies": {
        "sudachi": "^0.1.5"
      }
    },
    "node_modules/sudachi": {
      "version": "0.1.5",
      "resolved": "https://registry.npmjs.org/sudachi/-/sudachi-0.1.5.tgz",
      "integrity": "sha512-sZn/ofVtfCnOdhyyeMWIEaTwDB4iat9UbrskSiin0gBBnkitfE46estP8yjwF7MaEWKFVh//9GPd/RUQ2RhnGA==",
      "license": "Apache-2.0"
    }
  }
}
